
Microsoft Visual Studio Solution File, Format Version 12.00
# Visual Studio Version 17
VisualStudioVersion = 17.5.33516.290
MinimumVisualStudioVersion = 10.0.40219.1
Project("{FAE04EC0-301F-11D3-BF4B-00C04F79EFBC}") = "CalculatorTest", "CalculatorTest\CalculatorTest.csproj", "{11126575-DCFA-49B5-960A-E98D841B4174}"
EndProject
Project("{FAE04EC0-301F-11D3-BF4B-00C04F79EFBC}") = "CalculatorTests", "CalculatorTests\CalculatorTests.csproj", "{AE30BEC7-CC99-4689-B5CD-7FCE1B49EA55}"
EndProject
Project("{FAE04EC0-301F-11D3-BF4B-00C04F79EFBC}") = "CalculatorTestApi", "CalculatorTestApi\CalculatorTestApi.csproj", "{B2FE6974-CC1B-4508-A76C-E4465834C9BD}"
EndProject
Project("{FAE04EC0-301F-11D3-BF4B-00C04F79EFBC}") = "SimpleCalculatorApp", "SimpleCalculatorApp\SimpleCalculatorApp.csproj", "{BC5BF1BC-C2AD-4250-A75B-B1A3BB34DD2E}"
EndProject
Global
	GlobalSection(SolutionConfigurationPlatforms) = preSolution
		Debug|Any CPU = Debug|Any CPU
		Release|Any CPU = Release|Any CPU
	EndGlobalSection
	GlobalSection(ProjectConfigurationPlatforms) = postSolution
		{11126575-DCFA-49B5-960A-E98D841B4174}.Debug|Any CPU.ActiveCfg = Debug|Any CPU
		{11126575-DCFA-49B5-960A-E98D841B4174}.Debug|Any CPU.Build.0 = Debug|Any CPU
		{11126575-DCFA-49B5-960A-E98D841B4174}.Release|Any CPU.ActiveCfg = Release|Any CPU
		{11126575-DCFA-49B5-960A-E98D841B4174}.Release|Any CPU.Build.0 = Release|Any CPU
		{AE30BEC7-CC99-4689-B5CD-7FCE1B49EA55}.Debug|Any CPU.ActiveCfg = Debug|Any CPU
		{AE30BEC7-CC99-4689-B5CD-7FCE1B49EA55}.Debug|Any CPU.Build.0 = Debug|Any CPU
		{AE30BEC7-CC99-4689-B5CD-7FCE1B49EA55}.Release|Any CPU.ActiveCfg = Release|Any CPU
		{AE30BEC7-CC99-4689-B5CD-7FCE1B49EA55}.Release|Any CPU.Build.0 = Release|Any CPU
		{B2FE6974-CC1B-4508-A76C-E4465834C9BD}.Debug|Any CPU.ActiveCfg = Debug|Any CPU
		{B2FE6974-CC1B-4508-A76C-E4465834C9BD}.Debug|Any CPU.Build.0 = Debug|Any CPU
		{B2FE6974-CC1B-4508-A76C-E4465834C9BD}.Release|Any CPU.ActiveCfg = Release|Any CPU
		{B2FE6974-CC1B-4508-A76C-E4465834C9BD}.Release|Any CPU.Build.0 = Release|Any CPU
		{BC5BF1BC-C2AD-4250-A75B-B1A3BB34DD2E}.Debug|Any CPU.ActiveCfg = Debug|Any CPU
		{BC5BF1BC-C2AD-4250-A75B-B1A3BB34DD2E}.Debug|Any CPU.Build.0 = Debug|Any CPU
		{BC5BF1BC-C2AD-4250-A75B-B1A3BB34DD2E}.Release|Any CPU.ActiveCfg = Release|Any CPU
		{BC5BF1BC-C2AD-4250-A75B-B1A3BB34DD2E}.Release|Any CPU.Build.0 = Release|Any CPU
	EndGlobalSection
	GlobalSection(SolutionProperties) = preSolution
		HideSolutionNode = FALSE
	EndGlobalSection
	GlobalSection(ExtensibilityGlobals) = postSolution
		SolutionGuid = {10A7C700-12E5-4846-8A1A-D4ADE91CEBFF}
	EndGlobalSection
EndGlobal
